{
  "name": "blog",
  "version": "1.0.0",
  "lockfileVersion": 3,
  "requires": true,
  "packages": {
    "": {
      "name": "blog",
      "version": "1.0.0",
      "dependencies": {
        "highlight.js": "latest",
        "htmlclean": "latest",
        "katex": "^0.16.9",
        "marked": "latest",
        "marked-highlight": "latest",
        "marked-katex-extension": "latest",
        "terser": "latest"
      }
    },
    "node_modules/@types/katex": {
      "version": "0.16.6",
      "resolved": "https://registry.npmjs.org/@types/katex/-/katex-0.16.6.tgz",
      "integrity": "sha512-rZYO1HInM99rAFYNwGqbYPxHZHxu2IwZYKj4bJ4oh6edVrm1UId8mmbHIZLBtG253qU6y3piag0XYe/joNnwzQ=="
    },
    "node_modules/buffer-from": {
      "version": "1.1.2",
      "resolved": "https://registry.npmjs.org/buffer-from/-/buffer-from-1.1.2.tgz",
      "integrity": "sha512-E+XQCRwSbaaiChtv6k6Dwgc+bx+Bs6vuKJHHl5kox/BaKbhiXzqQOwK4cO22yElGp2OCmjwVhT3HmxgyPGnJfQ=="
    },
    "node_modules/commander": {
      "version": "2.20.3",
      "resolved": "https://registry.npmjs.org/commander/-/commander-2.20.3.tgz",
      "integrity": "sha512-GpVkmM8vF2vQUkj2LvZmD35JxeJOLCwJ9cUkugyk2nuhbv3+mJvpLYYt+0+USMxE+oj+ey/lJEnhZw75x/OMcQ=="
    },
    "node_modules/highlight.js": {
      "version": "11.9.0",
      "resolved": "https://registry.npmjs.org/highlight.js/-/highlight.js-11.9.0.tgz",
      "integrity": "sha512-fJ7cW7fQGCYAkgv4CPfwFHrfd/cLS4Hau96JuJ+ZTOWhjnhoeN1ub1tFmALm/+lW5z4WCAuAV9bm05AP0mS6Gw==",
      "engines": {
        "node": ">=12.0.0"
      }
    },
    "node_modules/htmlclean": {
      "version": "3.0.8",
      "resolved": "https://registry.npmjs.org/htmlclean/-/htmlclean-3.0.8.tgz",
      "integrity": "sha512-pxe6KHAQFvn407iNVNs8jpQ43BSy0w2VJ7DOUrbl/wOOy33RgDR1IcOplYqseQBBcdJLEozzeL9RziGCdK2Zsg==",
      "engines": {
        "node": ">= 0.8.0"
      }
    },
    "node_modules/katex": {
      "version": "0.16.9",
      "resolved": "https://registry.npmjs.org/katex/-/katex-0.16.9.tgz",
      "integrity": "sha512-fsSYjWS0EEOwvy81j3vRA8TEAhQhKiqO+FQaKWp0m39qwOzHVBgAUBIXWj1pB+O2W3fIpNa6Y9KSKCVbfPhyAQ==",
      "funding": [
        "https://opencollective.com/katex",
        "https://github.com/sponsors/katex"
      ],
      "dependencies": {
        "commander": "^8.3.0"
      },
      "bin": {
        "katex": "cli.js"
      }
    },
    "node_modules/katex/node_modules/commander": {
      "version": "8.3.0",
      "resolved": "https://registry.npmjs.org/commander/-/commander-8.3.0.tgz",
      "integrity": "sha512-OkTL9umf+He2DZkUq8f8J9of7yL6RJKI24dVITBmNfZBmri9zYZQrKkuXiKhyfPSu8tUhnVBB1iKXevvnlR4Ww==",
      "engines": {
        "node": ">= 12"
      }
    },
    "node_modules/marked": {
      "version": "10.0.0",
      "resolved": "https://registry.npmjs.org/marked/-/marked-10.0.0.tgz",
      "integrity": "sha512-YiGcYcWj50YrwBgNzFoYhQ1hT6GmQbFG8SksnYJX1z4BXTHSOrz1GB5/Jm2yQvMg4nN1FHP4M6r03R10KrVUiA==",
      "bin": {
        "marked": "bin/marked.js"
      },
      "engines": {
        "node": ">= 18"
      }
    },
    "node_modules/marked-highlight": {
      "version": "2.0.7",
      "resolved": "https://registry.npmjs.org/marked-highlight/-/marked-highlight-2.0.7.tgz",
      "integrity": "sha512-3IjgV879kEihgjWwVv8HGDkyuKDyR8hssDEjMUAH5LNVhIcZge+u6UKhxPA+daEVMVZeKEHo5gWrLVlLPF1m3g==",
      "peerDependencies": {
        "marked": ">=4 <11"
      }
    },
    "node_modules/marked-katex-extension": {
      "version": "4.0.4",
      "resolved": "https://registry.npmjs.org/marked-katex-extension/-/marked-katex-extension-4.0.4.tgz",
      "integrity": "sha512-QIFVHKsjKFlWGLPRbq2JoNSQXhmrtjUb9viXWzTqLoJk+E2yJ7AG5n2PUTxjwe8plHekEkxxriy6AEdHzT5gLA==",
      "dependencies": {
        "@types/katex": "^0.16.5",
        "katex": "^0.16.9"
      },
      "peerDependencies": {
        "marked": ">=4 <11"
      }
    },
    "node_modules/source-map": {
      "version": "0.6.1",
      "resolved": "https://registry.npmjs.org/source-map/-/source-map-0.6.1.tgz",
      "integrity": "sha512-UjgapumWlbMhkBgzT7Ykc5YXUT46F0iKu8SGXq0bcwP5dz/h0Plj6enJqjz1Zbq2l5WaqYnrVbwWOWMyF3F47g==",
      "engines": {
        "node": ">=0.10.0"
      }
    },
    "node_modules/source-map-support": {
      "version": "0.5.21",
      "resolved": "https://registry.npmjs.org/source-map-support/-/source-map-support-0.5.21.tgz",
      "integrity": "sha512-uBHU3L3czsIyYXKX88fdrGovxdSCoTGDRZ6SYXtSRxLZUzHg5P/66Ht6uoUlHu9EZod+inXhKo3qQgwXUT/y1w==",
      "dependencies": {
        "buffer-from": "^1.0.0",
        "source-map": "^0.6.0"
      }
    },
    "node_modules/terser": {
      "version": "4.8.1",
      "resolved": "https://registry.npmjs.org/terser/-/terser-4.8.1.tgz",
      "integrity": "sha512-4GnLC0x667eJG0ewJTa6z/yXrbLGv80D9Ru6HIpCQmO+Q4PfEtBFi0ObSckqwL6VyQv/7ENJieXHo2ANmdQwgw==",
      "dependencies": {
        "commander": "^2.20.0",
        "source-map": "~0.6.1",
        "source-map-support": "~0.5.12"
      },
      "bin": {
        "terser": "bin/terser"
      },
      "engines": {
        "node": ">=6.0.0"
      }
    }
  }
}
